
Microsoft Visual Studio Solution File, Format Version 12.00
# Visual Studio Version 16
VisualStudioVersion = 16.0.30804.86
MinimumVisualStudioVersion = 10.0.40219.1
Project("{9A19103F-16F7-4668-BE54-9A1E7A4F7556}") = "JsonRpcLite", "JsonRpcLite\JsonRpcLite.csproj", "{8432DB67-FCA0-42FA-B512-9312F791B769}"
EndProject
Project("{FAE04EC0-301F-11D3-BF4B-00C04F79EFBC}") = "TestServer", "TestServer\TestServer.csproj", "{0DB8A221-AF80-4980-B466-447A38C33758}"
EndProject
Global
	GlobalSection(SolutionConfigurationPlatforms) = preSolution
		Debug|Any CPU = Debug|Any CPU
		Release|Any CPU = Release|Any CPU
	EndGlobalSection
	GlobalSection(ProjectConfigurationPlatforms) = postSolution
		{8432DB67-FCA0-42FA-B512-9312F791B769}.Debug|Any CPU.ActiveCfg = Debug|Any CPU
		{8432DB67-FCA0-42FA-B512-9312F791B769}.Debug|Any CPU.Build.0 = Debug|Any CPU
		{8432DB67-FCA0-42FA-B512-9312F791B769}.Release|Any CPU.ActiveCfg = Release|Any CPU
		{8432DB67-FCA0-42FA-B512-9312F791B769}.Release|Any CPU.Build.0 = Release|Any CPU
		{0DB8A221-AF80-4980-B466-447A38C33758}.Debug|Any CPU.ActiveCfg = Debug|Any CPU
		{0DB8A221-AF80-4980-B466-447A38C33758}.Debug|Any CPU.Build.0 = Debug|Any CPU
		{0DB8A221-AF80-4980-B466-447A38C33758}.Release|Any CPU.ActiveCfg = Release|Any CPU
		{0DB8A221-AF80-4980-B466-447A38C33758}.Release|Any CPU.Build.0 = Release|Any CPU
	EndGlobalSection
	GlobalSection(SolutionProperties) = preSolution
		HideSolutionNode = FALSE
	EndGlobalSection
	GlobalSection(ExtensibilityGlobals) = postSolution
		SolutionGuid = {D2712E1F-204D-48CF-AEC1-1A348F99A3C8}
	EndGlobalSection
EndGlobal
